{
  "name": "Team-15",
  "lockfileVersion": 3,
  "requires": true,
<<<<<<< HEAD
  "packages": {}
=======
  "packages": {
    "": {
      "dependencies": {
        "headlessui": "^0.0.0"
      }
    },
    "node_modules/headlessui": {
      "version": "0.0.0",
      "resolved": "https://registry.npmjs.org/headlessui/-/headlessui-0.0.0.tgz",
      "integrity": "sha512-CHvacVPbl8AqIg2sBNKySUmumu7o15jSrCaTrIh9GW2Eq4y/krCN/vZFOsKCwlrhWQbO4267a8xvvP8bs+qREQ=="
    }
  }
>>>>>>> 6bdd2f98fdf3c5b38e7d62a47da40b516ff33c65
}
